{
  "lockfile_version": "1",
  "packages": {
    "go-task@latest": {
      "last_modified": "2024-06-12T20:55:33Z",
      "resolved": "github:NixOS/nixpkgs/a9858885e197f984d92d7fe64e9fff6b2e488d40#go-task",
      "source": "devbox-search",
      "version": "3.37.2",
      "systems": {
        "aarch64-darwin": {
          "outputs": [
            {
              "name": "out",
              "path": "/nix/store/xj1p4vb2b09610dpyn1wh7qg6axicdw9-go-task-3.37.2",
              "default": true
            }
          ],
          "store_path": "/nix/store/xj1p4vb2b09610dpyn1wh7qg6axicdw9-go-task-3.37.2"
        },
        "aarch64-linux": {
          "outputs": [
            {
              "name": "out",
              "path": "/nix/store/i7rv367d2p5yj6hhsbja96rlkvj7fvm5-go-task-3.37.2",
              "default": true
            }
          ],
          "store_path": "/nix/store/i7rv367d2p5yj6hhsbja96rlkvj7fvm5-go-task-3.37.2"
        },
        "x86_64-darwin": {
          "outputs": [
            {
              "name": "out",
              "path": "/nix/store/vqas5d4fd44paghrjyyj5wa52mv5inr5-go-task-3.37.2",
              "default": true
            }
          ],
          "store_path": "/nix/store/vqas5d4fd44paghrjyyj5wa52mv5inr5-go-task-3.37.2"
        },
        "x86_64-linux": {
          "outputs": [
            {
              "name": "out",
              "path": "/nix/store/gy9vnx7dm5chq2isyi6ig9x908hb7kd6-go-task-3.37.2",
              "default": true
            }
          ],
          "store_path": "/nix/store/gy9vnx7dm5chq2isyi6ig9x908hb7kd6-go-task-3.37.2"
        }
      }
    },
    "go@1.24.0": {
      "last_modified": "2025-02-12T00:10:52Z",
      "resolved": "github:NixOS/nixpkgs/83a2581c81ff5b06f7c1a4e7cc736a455dfcf7b4#go_1_24",
      "source": "devbox-search",
      "version": "1.24.0",
      "systems": {
        "aarch64-darwin": {
          "outputs": [
            {
              "name": "out",
              "path": "/nix/store/qldcnifalkvyah0wnv7m4zb854yd9l88-go-1.24.0",
              "default": true
            }
          ],
          "store_path": "/nix/store/qldcnifalkvyah0wnv7m4zb854yd9l88-go-1.24.0"
        },
        "aarch64-linux": {
          "outputs": [
            {
              "name": "out",
              "path": "/nix/store/rrxgml7w4pfmibjbspkdvrw8vd2vnarb-go-1.24.0",
              "default": true
            }
          ],
          "store_path": "/nix/store/rrxgml7w4pfmibjbspkdvrw8vd2vnarb-go-1.24.0"
        },
        "x86_64-darwin": {
          "outputs": [
            {
              "name": "out",
              "path": "/nix/store/7imv22pl4qrjwvi6jzlfb305rc2min45-go-1.24.0",
              "default": true
            }
          ],
          "store_path": "/nix/store/7imv22pl4qrjwvi6jzlfb305rc2min45-go-1.24.0"
        },
        "x86_64-linux": {
          "outputs": [
            {
              "name": "out",
              "path": "/nix/store/vh5d5bj1sljdhdypy80x1ydx2jx6rv2q-go-1.24.0",
              "default": true
            }
          ],
          "store_path": "/nix/store/vh5d5bj1sljdhdypy80x1ydx2jx6rv2q-go-1.24.0"
        }
      }
    },
    "goreleaser@2.6.1": {
      "last_modified": "2025-02-07T11:26:36Z",
      "resolved": "github:NixOS/nixpkgs/d98abf5cf5914e5e4e9d57205e3af55ca90ffc1d#goreleaser",
      "source": "devbox-search",
      "version": "2.6.1",
      "systems": {
        "aarch64-darwin": {
          "outputs": [
            {
              "name": "out",
              "path": "/nix/store/r7bjlavg1i51ipfdnpv0dwbpv5zpslm7-goreleaser-2.6.1",
              "default": true
            }
          ],
          "store_path": "/nix/store/r7bjlavg1i51ipfdnpv0dwbpv5zpslm7-goreleaser-2.6.1"
        },
        "aarch64-linux": {
          "outputs": [
            {
              "name": "out",
              "path": "/nix/store/ixlqh970klk1dx4vqdc4xlc7ia2va7n5-goreleaser-2.6.1",
              "default": true
            }
          ],
          "store_path": "/nix/store/ixlqh970klk1dx4vqdc4xlc7ia2va7n5-goreleaser-2.6.1"
        },
        "x86_64-darwin": {
          "outputs": [
            {
              "name": "out",
              "path": "/nix/store/n20zpinaipfwxbfx3gag8wjp9z11l5jn-goreleaser-2.6.1",
              "default": true
            }
          ],
          "store_path": "/nix/store/n20zpinaipfwxbfx3gag8wjp9z11l5jn-goreleaser-2.6.1"
        },
        "x86_64-linux": {
          "outputs": [
            {
              "name": "out",
              "path": "/nix/store/y1zhmq85grd7jmmlslnk8pkld8ag9gw7-goreleaser-2.6.1",
              "default": true
            }
          ],
          "store_path": "/nix/store/y1zhmq85grd7jmmlslnk8pkld8ag9gw7-goreleaser-2.6.1"
        }
      }
    }
  }
}
