github.com/aws/aws-sdk-go-v2 v1.23.0 h1:PiHAzmiQQr6JULBUdvR8fKlA+UPKLT/8KbiqpFBWiAo=
github.com/aws/aws-sdk-go-v2 v1.23.0/go.mod h1:i1XDttT4rnf6vxc9AuskLc6s7XBee8rlLilKlc03uAA=
github.com/aws/aws-sdk-go-v2/config v1.24.0 h1:4LEk29JO3w+y9dEo/5Tq5QTP7uIEw+KQrKiHOs4xlu4=
github.com/aws/aws-sdk-go-v2/config v1.24.0/go.mod h1:11nNDAuK86kOUHeuEQo8f3CkcV5xuUxvPwFjTZE/PnQ=
github.com/aws/aws-sdk-go-v2/credentials v1.15.2 h1:rKH7khRMxPdD0u3dHecd0Q7NOVw3EUe7AqdkUOkiOGI=
github.com/aws/aws-sdk-go-v2/credentials v1.15.2/go.mod h1:tXM8wmaeAhfC7nZoCxb0FzM/aRaB1m1WQ7x0qlBLq80=
github.com/aws/aws-sdk-go-v2/feature/ec2/imds v1.14.3 h1:G5KawTAkyHH6WyKQCdHiW4h3PmAXNJpOgwKg3H7sDRE=
github.com/aws/aws-sdk-go-v2/feature/ec2/imds v1.14.3/go.mod h1:hugKmSFnZB+HgNI1sYGT14BUPZkO6alC/e0AWu+0IAQ=
github.com/aws/aws-sdk-go-v2/internal/configsources v1.2.3 h1:DUwbD79T8gyQ23qVXFUthjzVMTviSHi3y4z58KvghhM=
github.com/aws/aws-sdk-go-v2/internal/configsources v1.2.3/go.mod h1:7sGSz1JCKHWWBHq98m6sMtWQikmYPpxjqOydDemiVoM=
github.com/aws/aws-sdk-go-v2/internal/endpoints/v2 v2.5.3 h1:AplLJCtIaUZDCbr6+gLYdsYNxne4iuaboJhVt9d+WXI=
github.com/aws/aws-sdk-go-v2/internal/endpoints/v2 v2.5.3/go.mod h1:ify42Rb7nKeDDPkFjKn7q1bPscVPu/+gmHH8d2c+anU=
github.com/aws/aws-sdk-go-v2/internal/ini v1.7.0 h1:usgqiJtamuGIBj+OvYmMq89+Z1hIKkMJToz1WpoeNUY=
github.com/aws/aws-sdk-go-v2/internal/ini v1.7.0/go.mod h1:6fQQgfuGmw8Al/3M2IgIllycxV7ZW7WCdVSqfBeUiCY=
github.com/aws/aws-sdk-go-v2/service/cloudwatchlogs v1.27.1 h1:TNRPtVMfBVk24DL3on3aCSVaEbkLJkVewen+ag01Y5E=
github.com/aws/aws-sdk-go-v2/service/cloudwatchlogs v1.27.1/go.mod h1:f+2AxSfO44KOyp+hsuDsjJyZmaOQxkcmGKRFExyHZdU=
github.com/aws/aws-sdk-go-v2/service/internal/presigned-url v1.10.2 h1:h7j73yuAVVjic8pqswh+L/7r2IHP43QwRyOu6zcCDDE=
github.com/aws/aws-sdk-go-v2/service/internal/presigned-url v1.10.2/go.mod h1:H07AHdK5LSy8F7EJUQhoxyiCNkePoHj2D8P2yGTWafo=
github.com/aws/aws-sdk-go-v2/service/sso v1.17.1 h1:km+ZNjtLtpXYf42RdaDZnNHm9s7SYAuDGTafy6nd89A=
github.com/aws/aws-sdk-go-v2/service/sso v1.17.1/go.mod h1:aHBr3pvBSD5MbzOvQtYutyPLLRPbl/y9x86XyJJnUXQ=
github.com/aws/aws-sdk-go-v2/service/ssooidc v1.19.1 h1:iRFNqZH4a67IqPvK8xxtyQYnyrlsvwmpHOe9r55ggBA=
github.com/aws/aws-sdk-go-v2/service/ssooidc v1.19.1/go.mod h1:pTy5WM+6sNv2tB24JNKFtn6EvciQ5k40ZJ0pq/Iaxj0=
github.com/aws/aws-sdk-go-v2/service/sts v1.25.1 h1:txgVXIXWPXyqdiVn92BV6a/rgtpX31HYdsOYj0sVQQQ=
github.com/aws/aws-sdk-go-v2/service/sts v1.25.1/go.mod h1:VAiJiNaoP1L89STFlEMgmHX1bKixY+FaP+TpRFrmyZ4=
github.com/aws/smithy-go v1.17.0 h1:wWJD7LX6PBV6etBUwO0zElG0nWN9rUhp0WdYeHSHAaI=
github.com/aws/smithy-go v1.17.0/go.mod h1:NukqUGpCZIILqqiV0NIjeFh24kd/FAa4beRb6nbIUPE=
github.com/davecgh/go-spew v1.1.0/go.mod h1:J7Y8YcW2NihsgmVo/mv3lAwl/skON4iLHjSsI+c5H38=
github.com/davecgh/go-spew v1.1.1 h1:vj9j/u1bqnvCEfJOwUhtlOARqs3+rkHYY13jYWTU97c=
github.com/davecgh/go-spew v1.1.1/go.mod h1:J7Y8YcW2NihsgmVo/mv3lAwl/skON4iLHjSsI+c5H38=
github.com/facebookgo/ensure v0.0.0-20160127193407-b4ab57deab51 h1:0JZ+dUmQeA8IIVUMzysrX4/AKuQwWhV2dYQuPZdvdSQ=
github.com/facebookgo/ensure v0.0.0-20160127193407-b4ab57deab51/go.mod h1:Yg+htXGokKKdzcwhuNDwVvN+uBxDGXJ7G/VN1d8fa64=
github.com/facebookgo/stack v0.0.0-20160209184415-751773369052 h1:JWuenKqqX8nojtoVVWjGfOF9635RETekkoH6Cc9SX0A=
github.com/facebookgo/stack v0.0.0-20160209184415-751773369052/go.mod h1:UbMTZqLaRiH3MsBH8va0n7s1pQYcu3uTb8G4tygF4Zg=
github.com/facebookgo/subset v0.0.0-20150612182917-8dac2c3c4870 h1:E2s37DuLxFhQDg5gKsWoLBOB0n+ZW8s599zru8FJ2/Y=
github.com/facebookgo/subset v0.0.0-20150612182917-8dac2c3c4870/go.mod h1:5tD+neXqOorC30/tWg0LCSkrqj/AR6gu8yY8/fpw1q0=
github.com/go-chi/chi/v5 v5.0.8 h1:lD+NLqFcAi1ovnVZpsnObHGW4xb4J8lNmoYVfECH1Y0=
github.com/go-chi/chi/v5 v5.0.8/go.mod h1:DslCQbL2OYiznFReuXYUmQ2hGd1aDpCnlMNITLSKoi8=
github.com/google/go-cmp v0.5.8 h1:e6P7q2lk1O+qJJb4BtCQXlK8vWEO8V1ZeuEdJNOqZyg=
github.com/google/gofuzz v1.0.0/go.mod h1:dBl0BpW6vV/+mYPU4Po3pmUjxk6FQPldtuIdl/M65Eg=
github.com/json-iterator/go v1.1.10/go.mod h1:KdQUCv79m/52Kvf8AW2vK1V8akMuk1QjK/uOdHXbAo4=
github.com/json-iterator/go v1.1.12 h1:PV8peI4a0ysnczrg+LtxykD8LfKY9ML6u2jnxaEnrnM=
github.com/json-iterator/go v1.1.12/go.mod h1:e30LSqwooZae/UwlEbR2852Gd8hjQvJoHmT4TnhNGBo=
github.com/mailgun/mailgun-go/v4 v4.11.1 h1:d9wWlSTM11XrcN3hY1tJAXHv17IoVVf0TE5eZmSVEvU=
github.com/mailgun/mailgun-go/v4 v4.11.1/go.mod h1:L9s941Lgk7iB3TgywTPz074pK2Ekkg4kgbnAaAyJ2z8=
github.com/modern-go/concurrent v0.0.0-20180228061459-e0a39a4cb421/go.mod h1:6dJC0mAP4ikYIbvyc7fijjWJddQyLn8Ig3JB5CqoB9Q=
github.com/modern-go/concurrent v0.0.0-20180306012644-bacd9c7ef1dd h1:TRLaZ9cD/w8PVh93nsPXa1VrQ6jlwL5oN8l14QlcNfg=
github.com/modern-go/concurrent v0.0.0-20180306012644-bacd9c7ef1dd/go.mod h1:6dJC0mAP4ikYIbvyc7fijjWJddQyLn8Ig3JB5CqoB9Q=
github.com/modern-go/reflect2 v0.0.0-20180701023420-4b7aa43c6742/go.mod h1:bx2lNnkwVCuqBIxFjflWJWanXIb3RllmbCylyMrvgv0=
github.com/modern-go/reflect2 v1.0.2 h1:xBagoLtFs94CBntxluKeaWgTMpvLxC4ur3nMaC9Gz0M=
github.com/modern-go/reflect2 v1.0.2/go.mod h1:yWuevngMOJpCy52FWWMvUC8ws7m/LJsjYzDa0/r8luk=
github.com/pkg/errors v0.8.1/go.mod h1:bwawxfHBFNV+L2hUp1rHADufV3IMtnDRdf1r5NINEl0=
github.com/pkg/errors v0.9.1 h1:FEBLx1zS214owpjy7qsBeixbURkuhQAwrK5UwLGTwt4=
github.com/pkg/errors v0.9.1/go.mod h1:bwawxfHBFNV+L2hUp1rHADufV3IMtnDRdf1r5NINEl0=
github.com/pmezard/go-difflib v1.0.0 h1:4DBwDE0NGyQoBHbLQYPwSUPoCMWR5BEzIk/f1lZbAQM=
github.com/pmezard/go-difflib v1.0.0/go.mod h1:iKH77koFhYxTK1pcRnkKkqfTogsbg7gZNVY4sRDYZ/4=
github.com/robfig/cron v1.2.0 h1:ZjScXvvxeQ63Dbyxy76Fj3AT3Ut0aKsyd2/tl3DTMuQ=
github.com/robfig/cron v1.2.0/go.mod h1:JGuDeoQd7Z6yL4zQhZ3OPEVHB7fL6Ka6skscFHfmt2k=
github.com/sgaunet/calcdate/calcdate v0.0.0-20220108124356-12ceff09b8d0 h1:fEtrdchaHU+4Ck/Ae9fcb7v9xi52D4fxjbaqYLA4KRE=
github.com/sgaunet/calcdate/calcdate v0.0.0-20220108124356-12ceff09b8d0/go.mod h1:ozo9YTXaQpn+3efRY0fjjhlltYSqlJB3XB+MlpA+QAU=
github.com/sgaunet/ratelimit v1.1.1 h1:KMjECNcA9U614eFYr2/y5+kee14miFbUQhctAS2ROzg=
github.com/sgaunet/ratelimit v1.1.1/go.mod h1:bEqLNIUEKkBfqZ5B22v44UfVLKsDMY5VXsnC+PcKvTE=
github.com/sirupsen/logrus v1.9.3 h1:dueUQJ1C2q9oE3F7wvmSGAaVtTmUizReu6fjN8uqzbQ=
github.com/sirupsen/logrus v1.9.3/go.mod h1:naHLuLoDiP4jHNo9R0sCBMtWGeIprob74mVsIT4qYEQ=
github.com/stretchr/objx v0.1.0/go.mod h1:HFkY916IF+rwdDfMAkV7OtwuqBVzrE8GR6GFx+wExME=
github.com/stretchr/testify v1.3.0/go.mod h1:M5WIy9Dh21IEIfnGCwXGc5bZfKNJtfHm1UVUgZn+9EI=
github.com/stretchr/testify v1.7.0 h1:nwc3DEeHmmLAfoZucVR881uASk0Mfjw8xYJ99tb5CcY=
github.com/stretchr/testify v1.7.0/go.mod h1:6Fq8oRcR53rry900zMqJjRRixrwX3KX962/h/Wwjteg=
golang.org/x/sys v0.0.0-20220715151400-c0bba94af5f8/go.mod h1:oPkhp1MJrh7nUepCBck5+mAzfO9JrbApNNgaTdGDITg=
golang.org/x/sys v0.10.0 h1:SqMFp9UcQJZa+pmYuAKjd9xq1f0j5rLcDIk0mj4qAsA=
golang.org/x/sys v0.10.0/go.mod h1:oPkhp1MJrh7nUepCBck5+mAzfO9JrbApNNgaTdGDITg=
gopkg.in/check.v1 v0.0.0-20161208181325-20d25e280405 h1:yhCVgyC4o1eVCa2tZl7eS0r+SDo693bJlVdllGtEeKM=
gopkg.in/check.v1 v0.0.0-20161208181325-20d25e280405/go.mod h1:Co6ibVJAznAaIkqp8huTwlJQCZ016jof/cbN4VW5Yz0=
gopkg.in/yaml.v2 v2.4.0 h1:D8xgwECY7CYvx+Y2n4sBz93Jn9JRvxdiyyo8CTfuKaY=
gopkg.in/yaml.v2 v2.4.0/go.mod h1:RDklbk79AGWmwhnvt/jBztapEOGDOx6ZbXqjP6csGnQ=
gopkg.in/yaml.v3 v3.0.0-20200313102051-9f266ea9e77c h1:dUUwHk2QECo/6vqA44rthZ8ie2QXMNeKRTHCNY2nXvo=
gopkg.in/yaml.v3 v3.0.0-20200313102051-9f266ea9e77c/go.mod h1:K4uyk7z7BCEPqu6E+C64Yfv1cQ7kz7rIZviUmN+EgEM=
